
Microsoft Visual Studio Solution File, Format Version 12.00
# Visual Studio Version 17
VisualStudioVersion = 17.4.33122.133
MinimumVisualStudioVersion = 10.0.40219.1
Project("{9A19103F-16F7-4668-BE54-9A1E7A4F7556}") = "AdTech_task", "AdTech_task.csproj", "{39EA9104-1F4C-4BDA-8FE0-1586A0C3D464}"
EndProject
Project("{FAE04EC0-301F-11D3-BF4B-00C04F79EFBC}") = "XUnitTest", "..\XUnitTest\XUnitTest.csproj", "{FD098F54-0491-49A5-B90A-F01CD30499C3}"
	ProjectSection(ProjectDependencies) = postProject
		{39EA9104-1F4C-4BDA-8FE0-1586A0C3D464} = {39EA9104-1F4C-4BDA-8FE0-1586A0C3D464}
	EndProjectSection
EndProject
Global
	GlobalSection(SolutionConfigurationPlatforms) = preSolution
		Debug|Any CPU = Debug|Any CPU
		Release|Any CPU = Release|Any CPU
	EndGlobalSection
	GlobalSection(ProjectConfigurationPlatforms) = postSolution
		{39EA9104-1F4C-4BDA-8FE0-1586A0C3D464}.Debug|Any CPU.ActiveCfg = Debug|Any CPU
		{39EA9104-1F4C-4BDA-8FE0-1586A0C3D464}.Debug|Any CPU.Build.0 = Debug|Any CPU
		{39EA9104-1F4C-4BDA-8FE0-1586A0C3D464}.Release|Any CPU.ActiveCfg = Release|Any CPU
		{39EA9104-1F4C-4BDA-8FE0-1586A0C3D464}.Release|Any CPU.Build.0 = Release|Any CPU
		{FD098F54-0491-49A5-B90A-F01CD30499C3}.Debug|Any CPU.ActiveCfg = Debug|Any CPU
		{FD098F54-0491-49A5-B90A-F01CD30499C3}.Debug|Any CPU.Build.0 = Debug|Any CPU
		{FD098F54-0491-49A5-B90A-F01CD30499C3}.Release|Any CPU.ActiveCfg = Release|Any CPU
		{FD098F54-0491-49A5-B90A-F01CD30499C3}.Release|Any CPU.Build.0 = Release|Any CPU
	EndGlobalSection
	GlobalSection(SolutionProperties) = preSolution
		HideSolutionNode = FALSE
	EndGlobalSection
	GlobalSection(ExtensibilityGlobals) = postSolution
		SolutionGuid = {70BCFEB7-B414-4E5B-A46D-CD2BB5FE4492}
	EndGlobalSection
EndGlobal
